// !$*UTF8*$!
{
	archiveVersion = 1;
	classes = {
	};
	objectVersion = 77;
	objects = {

/* Begin PBXBuildFile section */
		068295E661962B2AF167BA9A /* FortiClientDetector.swift in Sources */ = {isa = PBXBuildFile; fileRef = D9278C59D23E091A5956B32A /* FortiClientDetector.swift */; };
		0A1F175FE75329E424F1013B /* BottomToolbar.swift in Sources */ = {isa = PBXBuildFile; fileRef = C3B68BD110B2C9B0971F79E8 /* BottomToolbar.swift */; };
		0F4EFF501406C517B9BB48F7 /* DashboardViewModel.swift in Sources */ = {isa = PBXBuildFile; fileRef = 7BB39128402B91CA2DFBFE02 /* DashboardViewModel.swift */; };
		0F59F89654C4F97C665EBBFD /* PIADetector.swift in Sources */ = {isa = PBXBuildFile; fileRef = F57DA9BF2B84DC9B2AEF3A5D /* PIADetector.swift */; };
		0FDDB0DD42B9B7829C9AD681 /* AggregateVPNState.swift in Sources */ = {isa = PBXBuildFile; fileRef = 8A5E3547A27CAF9A41AAD8DA /* AggregateVPNState.swift */; };
		11C1C55952E7E87556C0DD26 /* ProtonVPNDetector.swift in Sources */ = {isa = PBXBuildFile; fileRef = 63DAAE0328A303D9D9042C8B /* ProtonVPNDetector.swift */; };
		12E8D095107C11DB8F920261 /* VPNDetector.swift in Sources */ = {isa = PBXBuildFile; fileRef = 0EFBCD075AED23F6412C8F7A /* VPNDetector.swift */; };
		14C73DAD0987A0DE717B6EE7 /* NetworkDiagnostics.swift in Sources */ = {isa = PBXBuildFile; fileRef = 61A531CB9DA1B66CABEF5558 /* NetworkDiagnostics.swift */; };
		18093A501A646C4F7062D3CB /* KillSwitchFixModule.swift in Sources */ = {isa = PBXBuildFile; fileRef = 1EFCA5F1042A8F3DDB4D86FD /* KillSwitchFixModule.swift */; };
		1990A6206A3EA25B3904D201 /* ZscalerDetector.swift in Sources */ = {isa = PBXBuildFile; fileRef = BE5CE7AB193CEB7CACBBCEAB /* ZscalerDetector.swift */; };
		1E25761686BB901478194128 /* DetectionUtilities.swift in Sources */ = {isa = PBXBuildFile; fileRef = DFC775D2271471F4D5DAB1D1 /* DetectionUtilities.swift */; };
		1ECB06DACC392EA2AD36107A /* SparkleUpdater.swift in Sources */ = {isa = PBXBuildFile; fileRef = A1C5E62E09FCF57B20ADCC7A /* SparkleUpdater.swift */; };
		231EE6D34FF0968DB4014957 /* WindscribeDetector.swift in Sources */ = {isa = PBXBuildFile; fileRef = 0ACB2D4C670FBEFB4DFA4895 /* WindscribeDetector.swift */; };
		2517352C56A83D3A5BCB0C34 /* FixEngine.swift in Sources */ = {isa = PBXBuildFile; fileRef = 2EE4F12D1D0AD627F1ACC79C /* FixEngine.swift */; };
		254815D8F8364D81F68364E0 /* VPNFixHelper in Embed Dependencies */ = {isa = PBXBuildFile; fileRef = CCCAE37E43CFE8393BBE3075 /* VPNFixHelper */; settings = {ATTRIBUTES = (RemoveHeadersOnCopy, ); }; };
		264F9F3C198B1E76C86F984F /* ScriptRunner.swift in Sources */ = {isa = PBXBuildFile; fileRef = AD4D55B61E6326A6B60ED217 /* ScriptRunner.swift */; };
		30106E58905BABEC8C6EA248 /* XPCProtocol.swift in Sources */ = {isa = PBXBuildFile; fileRef = 361B53499F2D30BE9C99F0B8 /* XPCProtocol.swift */; };
		3302189686A84EF2AC2F10D9 /* HelperTool.swift in Sources */ = {isa = PBXBuildFile; fileRef = B768E31A635D4D21765C6CF0 /* HelperTool.swift */; };
		3A377C22F4E8AF59CFAC8BD6 /* TunnelBearDetector.swift in Sources */ = {isa = PBXBuildFile; fileRef = 5B6750B7C913C196C2320DA7 /* TunnelBearDetector.swift */; };
		3ADB94D069BC22100697208F /* NordVPNDetector.swift in Sources */ = {isa = PBXBuildFile; fileRef = E9934B23DCBE8A220A6109BC /* NordVPNDetector.swift */; };
		3D6D8A63D49F5DA01B4682D2 /* OpenVPNDetector.swift in Sources */ = {isa = PBXBuildFile; fileRef = 5E4F90768A85074775D2D61B /* OpenVPNDetector.swift */; };
		3E2BFD14BAF892DDC84F2066 /* CommonFixModule.swift in Sources */ = {isa = PBXBuildFile; fileRef = 34C1BBDE56A9ADD1B6868F62 /* CommonFixModule.swift */; };
		41D5510BCE306810E43BFF65 /* AppIcon.icns in Resources */ = {isa = PBXBuildFile; fileRef = E67DFC201D77B05E558D53E7 /* AppIcon.icns */; };
		4554C27C11B04B3FC3996F0B /* Assets.xcassets in Resources */ = {isa = PBXBuildFile; fileRef = A78CE8F83C00990E086F1CC6 /* Assets.xcassets */; };
		478A9E4599F5C3F040419A1C /* IPVanishDetector.swift in Sources */ = {isa = PBXBuildFile; fileRef = 4A08A71F62C79D53C4F9E9FB /* IPVanishDetector.swift */; };
		4DF968CF4572E67DB6CD210B /* WireGuardDetector.swift in Sources */ = {isa = PBXBuildFile; fileRef = CA1EF58EF6F7C323D1349BA4 /* WireGuardDetector.swift */; };
		4F24268CD4D02653C4F9C5BD /* GlobalProtectDetector.swift in Sources */ = {isa = PBXBuildFile; fileRef = 8D1508C454653E7B72F67187 /* GlobalProtectDetector.swift */; };
		50A984B2DDD07AC64FEF384A /* FortiClientFixModule.swift in Sources */ = {isa = PBXBuildFile; fileRef = 018A5A9CF1BC9A2B44A714A4 /* FortiClientFixModule.swift */; };
		5C90B3506B8B032D55729F51 /* main.swift in Sources */ = {isa = PBXBuildFile; fileRef = 7E2B1F35CE34DA487557B47E /* main.swift */; };
		5CFB81D74180270C8F9F9E45 /* AggregateVPNState.swift in Sources */ = {isa = PBXBuildFile; fileRef = 8A5E3547A27CAF9A41AAD8DA /* AggregateVPNState.swift */; };
		67660D9C2311EDD9511AABA4 /* VPNState.swift in Sources */ = {isa = PBXBuildFile; fileRef = 0C77DE7EC7D3B914C63981B5 /* VPNState.swift */; };
		6995AAF93065AC692EB886A2 /* VPNClientSection.swift in Sources */ = {isa = PBXBuildFile; fileRef = C0684A32403AEFB78D23C342 /* VPNClientSection.swift */; };
		730C2FBDBDCBDDA194F45E3B /* Logger.swift in Sources */ = {isa = PBXBuildFile; fileRef = 0B6BE64B24A58B20B565B767 /* Logger.swift */; };
		762D4F92397E1FB4ACDE7478 /* ProxyFixModule.swift in Sources */ = {isa = PBXBuildFile; fileRef = 15337E38064C9D43A8C21BA6 /* ProxyFixModule.swift */; };
		7A5BEB5109AA5085A65FE6DA /* DashboardView.swift in Sources */ = {isa = PBXBuildFile; fileRef = 6C23CE99F9ABC31781254CC9 /* DashboardView.swift */; };
		8589F06165D668AE384F88FA /* MenuBarView.swift in Sources */ = {isa = PBXBuildFile; fileRef = F51504D67741832F47E387A2 /* MenuBarView.swift */; };
		86EAE2A7E92970A707D60E12 /* WireGuardFixModule.swift in Sources */ = {isa = PBXBuildFile; fileRef = 4171E9A412F07CEE911F0D78 /* WireGuardFixModule.swift */; };
		882A990049193E7528882CDE /* LogViewModel.swift in Sources */ = {isa = PBXBuildFile; fileRef = DDD9D40274C35D39D872C60C /* LogViewModel.swift */; };
		89194A5DF0721CC75DA590F5 /* VPNClientType.swift in Sources */ = {isa = PBXBuildFile; fileRef = C899B1C8D279572C5A4E8AC3 /* VPNClientType.swift */; };
		8D6DD099ED45724601F01F43 /* VPNClientStatus.swift in Sources */ = {isa = PBXBuildFile; fileRef = 3DC5CF805CC0F78F10CE60DF /* VPNClientStatus.swift */; };
		8F621A8EE1CA3174B8C6EA1A /* XPCProtocol.swift in Sources */ = {isa = PBXBuildFile; fileRef = 361B53499F2D30BE9C99F0B8 /* XPCProtocol.swift */; };
		91D182EF91D534948CA51104 /* NetworkDiagnostics.swift in Sources */ = {isa = PBXBuildFile; fileRef = 61A531CB9DA1B66CABEF5558 /* NetworkDiagnostics.swift */; };
		9A2E86D54124B9C29038312B /* AnyConnectFixModule.swift in Sources */ = {isa = PBXBuildFile; fileRef = E8D96D665B4B86AEDABCA139 /* AnyConnectFixModule.swift */; };
		9C5B3687EBF8A6A4E305590E /* VPNClientType.swift in Sources */ = {isa = PBXBuildFile; fileRef = C899B1C8D279572C5A4E8AC3 /* VPNClientType.swift */; };
		9D952C0D08FBF3055E050A53 /* MullvadDetector.swift in Sources */ = {isa = PBXBuildFile; fileRef = CA990641A7183FF4908F6977 /* MullvadDetector.swift */; };
		A08E611A20C0AABF4371F5F5 /* VPNClientStatus.swift in Sources */ = {isa = PBXBuildFile; fileRef = 3DC5CF805CC0F78F10CE60DF /* VPNClientStatus.swift */; };
		A1DD8CB0B5B977DDB59C0FAC /* NotificationService.swift in Sources */ = {isa = PBXBuildFile; fileRef = B9AAABD751F98D01FC5645B7 /* NotificationService.swift */; };
		A278BB35B3F63CA871C06D62 /* NetworkDiagnosticsSection.swift in Sources */ = {isa = PBXBuildFile; fileRef = 508EE859AB35F5DF12B14ED1 /* NetworkDiagnosticsSection.swift */; };
		A4492A8C49C578E2133D5D2C /* PreferencesView.swift in Sources */ = {isa = PBXBuildFile; fileRef = 4486FDA0005226664008BCD7 /* PreferencesView.swift */; };
		B46720CE7DFEA7A5220B77ED /* CiscoAnyConnectDetector.swift in Sources */ = {isa = PBXBuildFile; fileRef = 1843B2232AA9463581B6CE95 /* CiscoAnyConnectDetector.swift */; };
		B513D6683AC6FD1EEC2BE95E /* VPNClientDetector.swift in Sources */ = {isa = PBXBuildFile; fileRef = 8D0874FE30DD9E3F6256B08B /* VPNClientDetector.swift */; };
		BC32342D193967A71152A576 /* CyberGhostDetector.swift in Sources */ = {isa = PBXBuildFile; fileRef = 25107754A27BAA4505FF8D57 /* CyberGhostDetector.swift */; };
		BEFBC41988D06E7A44EBB581 /* HelperInstaller.swift in Sources */ = {isa = PBXBuildFile; fileRef = 76F5D95A2F46ADAC4264E636 /* HelperInstaller.swift */; };
		BF78E01DF1A1B6E9670DCCFA /* NetworkStatusBanner.swift in Sources */ = {isa = PBXBuildFile; fileRef = 07AB0D659D365F7F38F0C3EF /* NetworkStatusBanner.swift */; };
		BFDA7EA6EEE2D18A9F1CC9FD /* PulseSecureDetector.swift in Sources */ = {isa = PBXBuildFile; fileRef = BA9CDAF8FE751D87358331FA /* PulseSecureDetector.swift */; };
		BFE33F129229B4617199FF8C /* VPNFixModule.swift in Sources */ = {isa = PBXBuildFile; fileRef = 104C739A0F29600A56223BB2 /* VPNFixModule.swift */; };
		C0425E8A77B01841B7384AAE /* VPNClientCard.swift in Sources */ = {isa = PBXBuildFile; fileRef = 25DAA4AD0D7AE7C567FD0E7E /* VPNClientCard.swift */; };
		C777DC3AA7CE6385E22E28E9 /* VPNStatusViewModel.swift in Sources */ = {isa = PBXBuildFile; fileRef = 17A74F7200163893BB9E160E /* VPNStatusViewModel.swift */; };
		C8E7C93E46B5FB03B53E1A68 /* GlobalProtectFixModule.swift in Sources */ = {isa = PBXBuildFile; fileRef = 504672A9127A427C4B0DD143 /* GlobalProtectFixModule.swift */; };
		CC6C6453471731C1D9D60232 /* ExpressVPNDetector.swift in Sources */ = {isa = PBXBuildFile; fileRef = DDF8849C36D246B2D5EB978A /* ExpressVPNDetector.swift */; };
		CCB296BEAC5AB4F3ABB29413 /* VPNIssue.swift in Sources */ = {isa = PBXBuildFile; fileRef = C44985F3FF697373C9336F3E /* VPNIssue.swift */; };
		D46895BD95A57DAECCD5EA4F /* LogViewerView.swift in Sources */ = {isa = PBXBuildFile; fileRef = A717F0F3C17400F70569F917 /* LogViewerView.swift */; };
		D4886733DC05A2CDE41E01B5 /* VPNFixApp.swift in Sources */ = {isa = PBXBuildFile; fileRef = 8A7BD152FF47732F902E5DC3 /* VPNFixApp.swift */; };
		DA366ED942ED983D9302F554 /* OpenVPNFixModule.swift in Sources */ = {isa = PBXBuildFile; fileRef = 36698FF61207B7C60ED34225 /* OpenVPNFixModule.swift */; };
		DC26DBC871ADE92A4D9B4A34 /* FileWatcher.swift in Sources */ = {isa = PBXBuildFile; fileRef = B3DF386CA20735AB10DBE6C5 /* FileWatcher.swift */; };
		DE30E19A2E8E0B6238C15119 /* DiagnosticRow.swift in Sources */ = {isa = PBXBuildFile; fileRef = 642EF027145ACA6D0B47F14A /* DiagnosticRow.swift */; };
		DF058DFF278C16D217941D6F /* AppPreferences.swift in Sources */ = {isa = PBXBuildFile; fileRef = 7C414DDEE6350F3E53B3C453 /* AppPreferences.swift */; };
		DF6BB8FEB0CA032E5292B75F /* XPCClient.swift in Sources */ = {isa = PBXBuildFile; fileRef = FB3192FAB7EEE4AE8C8E1A38 /* XPCClient.swift */; };
		E5D018E1E99DE0B0EE646E92 /* VPNState.swift in Sources */ = {isa = PBXBuildFile; fileRef = 0C77DE7EC7D3B914C63981B5 /* VPNState.swift */; };
		ED0F1CA53235BDDB3692BA01 /* VPNIssue.swift in Sources */ = {isa = PBXBuildFile; fileRef = C44985F3FF697373C9336F3E /* VPNIssue.swift */; };
		FB377D2652D2ECA29BD14178 /* SurfsharkDetector.swift in Sources */ = {isa = PBXBuildFile; fileRef = 5FF6C387E5D9C00C449925F8 /* SurfsharkDetector.swift */; };
		FE4DFD170087ADD66AF3E648 /* AppLogger.swift in Sources */ = {isa = PBXBuildFile; fileRef = C995B943E0BD9FA2EADBFDB1 /* AppLogger.swift */; };
/* End PBXBuildFile section */

/* Begin PBXContainerItemProxy section */
		602C1B63739EA02B2F2210D1 /* PBXContainerItemProxy */ = {
			isa = PBXContainerItemProxy;
			containerPortal = E4815F409CCB73F3A99FA9D9 /* Project object */;
			proxyType = 1;
			remoteGlobalIDString = 6C1657DB196C9270D357F6E6;
			remoteInfo = VPNFixHelper;
		};
/* End PBXContainerItemProxy section */

/* Begin PBXCopyFilesBuildPhase section */
		533D0BAE7FA7C5F48DC807D5 /* Embed Dependencies */ = {
			isa = PBXCopyFilesBuildPhase;
			buildActionMask = 2147483647;
			dstPath = "";
			dstSubfolderSpec = 6;
			files = (
				254815D8F8364D81F68364E0 /* VPNFixHelper in Embed Dependencies */,
			);
			name = "Embed Dependencies";
			runOnlyForDeploymentPostprocessing = 0;
		};
/* End PBXCopyFilesBuildPhase section */

/* Begin PBXFileReference section */
		018A5A9CF1BC9A2B44A714A4 /* FortiClientFixModule.swift */ = {isa = PBXFileReference; lastKnownFileType = sourcecode.swift; path = FortiClientFixModule.swift; sourceTree = "<group>"; };
		07AB0D659D365F7F38F0C3EF /* NetworkStatusBanner.swift */ = {isa = PBXFileReference; lastKnownFileType = sourcecode.swift; path = NetworkStatusBanner.swift; sourceTree = "<group>"; };
		0ACB2D4C670FBEFB4DFA4895 /* WindscribeDetector.swift */ = {isa = PBXFileReference; lastKnownFileType = sourcecode.swift; path = WindscribeDetector.swift; sourceTree = "<group>"; };
		0B6BE64B24A58B20B565B767 /* Logger.swift */ = {isa = PBXFileReference; lastKnownFileType = sourcecode.swift; path = Logger.swift; sourceTree = "<group>"; };
		0C77DE7EC7D3B914C63981B5 /* VPNState.swift */ = {isa = PBXFileReference; lastKnownFileType = sourcecode.swift; path = VPNState.swift; sourceTree = "<group>"; };
		0EFBCD075AED23F6412C8F7A /* VPNDetector.swift */ = {isa = PBXFileReference; lastKnownFileType = sourcecode.swift; path = VPNDetector.swift; sourceTree = "<group>"; };
		104C739A0F29600A56223BB2 /* VPNFixModule.swift */ = {isa = PBXFileReference; lastKnownFileType = sourcecode.swift; path = VPNFixModule.swift; sourceTree = "<group>"; };
		15337E38064C9D43A8C21BA6 /* ProxyFixModule.swift */ = {isa = PBXFileReference; lastKnownFileType = sourcecode.swift; path = ProxyFixModule.swift; sourceTree = "<group>"; };
		17A74F7200163893BB9E160E /* VPNStatusViewModel.swift */ = {isa = PBXFileReference; lastKnownFileType = sourcecode.swift; path = VPNStatusViewModel.swift; sourceTree = "<group>"; };
		1843B2232AA9463581B6CE95 /* CiscoAnyConnectDetector.swift */ = {isa = PBXFileReference; lastKnownFileType = sourcecode.swift; path = CiscoAnyConnectDetector.swift; sourceTree = "<group>"; };
		1EFCA5F1042A8F3DDB4D86FD /* KillSwitchFixModule.swift */ = {isa = PBXFileReference; lastKnownFileType = sourcecode.swift; path = KillSwitchFixModule.swift; sourceTree = "<group>"; };
		25107754A27BAA4505FF8D57 /* CyberGhostDetector.swift */ = {isa = PBXFileReference; lastKnownFileType = sourcecode.swift; path = CyberGhostDetector.swift; sourceTree = "<group>"; };
		25DAA4AD0D7AE7C567FD0E7E /* VPNClientCard.swift */ = {isa = PBXFileReference; lastKnownFileType = sourcecode.swift; path = VPNClientCard.swift; sourceTree = "<group>"; };
		2EE4F12D1D0AD627F1ACC79C /* FixEngine.swift */ = {isa = PBXFileReference; lastKnownFileType = sourcecode.swift; path = FixEngine.swift; sourceTree = "<group>"; };
		34C1BBDE56A9ADD1B6868F62 /* CommonFixModule.swift */ = {isa = PBXFileReference; lastKnownFileType = sourcecode.swift; path = CommonFixModule.swift; sourceTree = "<group>"; };
		361B53499F2D30BE9C99F0B8 /* XPCProtocol.swift */ = {isa = PBXFileReference; lastKnownFileType = sourcecode.swift; path = XPCProtocol.swift; sourceTree = "<group>"; };
		36698FF61207B7C60ED34225 /* OpenVPNFixModule.swift */ = {isa = PBXFileReference; lastKnownFileType = sourcecode.swift; path = OpenVPNFixModule.swift; sourceTree = "<group>"; };
		3DC5CF805CC0F78F10CE60DF /* VPNClientStatus.swift */ = {isa = PBXFileReference; lastKnownFileType = sourcecode.swift; path = VPNClientStatus.swift; sourceTree = "<group>"; };
		4171E9A412F07CEE911F0D78 /* WireGuardFixModule.swift */ = {isa = PBXFileReference; lastKnownFileType = sourcecode.swift; path = WireGuardFixModule.swift; sourceTree = "<group>"; };
		4486FDA0005226664008BCD7 /* PreferencesView.swift */ = {isa = PBXFileReference; lastKnownFileType = sourcecode.swift; path = PreferencesView.swift; sourceTree = "<group>"; };
		4A08A71F62C79D53C4F9E9FB /* IPVanishDetector.swift */ = {isa = PBXFileReference; lastKnownFileType = sourcecode.swift; path = IPVanishDetector.swift; sourceTree = "<group>"; };
		504672A9127A427C4B0DD143 /* GlobalProtectFixModule.swift */ = {isa = PBXFileReference; lastKnownFileType = sourcecode.swift; path = GlobalProtectFixModule.swift; sourceTree = "<group>"; };
		508EE859AB35F5DF12B14ED1 /* NetworkDiagnosticsSection.swift */ = {isa = PBXFileReference; lastKnownFileType = sourcecode.swift; path = NetworkDiagnosticsSection.swift; sourceTree = "<group>"; };
		5B6750B7C913C196C2320DA7 /* TunnelBearDetector.swift */ = {isa = PBXFileReference; lastKnownFileType = sourcecode.swift; path = TunnelBearDetector.swift; sourceTree = "<group>"; };
		5E4F90768A85074775D2D61B /* OpenVPNDetector.swift */ = {isa = PBXFileReference; lastKnownFileType = sourcecode.swift; path = OpenVPNDetector.swift; sourceTree = "<group>"; };
		5FF6C387E5D9C00C449925F8 /* SurfsharkDetector.swift */ = {isa = PBXFileReference; lastKnownFileType = sourcecode.swift; path = SurfsharkDetector.swift; sourceTree = "<group>"; };
		61A531CB9DA1B66CABEF5558 /* NetworkDiagnostics.swift */ = {isa = PBXFileReference; lastKnownFileType = sourcecode.swift; path = NetworkDiagnostics.swift; sourceTree = "<group>"; };
		63DAAE0328A303D9D9042C8B /* ProtonVPNDetector.swift */ = {isa = PBXFileReference; lastKnownFileType = sourcecode.swift; path = ProtonVPNDetector.swift; sourceTree = "<group>"; };
		642EF027145ACA6D0B47F14A /* DiagnosticRow.swift */ = {isa = PBXFileReference; lastKnownFileType = sourcecode.swift; path = DiagnosticRow.swift; sourceTree = "<group>"; };
		6C23CE99F9ABC31781254CC9 /* DashboardView.swift */ = {isa = PBXFileReference; lastKnownFileType = sourcecode.swift; path = DashboardView.swift; sourceTree = "<group>"; };
		76F5D95A2F46ADAC4264E636 /* HelperInstaller.swift */ = {isa = PBXFileReference; lastKnownFileType = sourcecode.swift; path = HelperInstaller.swift; sourceTree = "<group>"; };
		7BB39128402B91CA2DFBFE02 /* DashboardViewModel.swift */ = {isa = PBXFileReference; lastKnownFileType = sourcecode.swift; path = DashboardViewModel.swift; sourceTree = "<group>"; };
		7C414DDEE6350F3E53B3C453 /* AppPreferences.swift */ = {isa = PBXFileReference; lastKnownFileType = sourcecode.swift; path = AppPreferences.swift; sourceTree = "<group>"; };
		7DA81DA0156F699B3115B039 /* VPNFix.app */ = {isa = PBXFileReference; explicitFileType = wrapper.application; includeInIndex = 0; path = VPNFix.app; sourceTree = BUILT_PRODUCTS_DIR; };
		7E2B1F35CE34DA487557B47E /* main.swift */ = {isa = PBXFileReference; lastKnownFileType = sourcecode.swift; path = main.swift; sourceTree = "<group>"; };
		8A5E3547A27CAF9A41AAD8DA /* AggregateVPNState.swift */ = {isa = PBXFileReference; lastKnownFileType = sourcecode.swift; path = AggregateVPNState.swift; sourceTree = "<group>"; };
		8A7BD152FF47732F902E5DC3 /* VPNFixApp.swift */ = {isa = PBXFileReference; lastKnownFileType = sourcecode.swift; path = VPNFixApp.swift; sourceTree = "<group>"; };
		8D0874FE30DD9E3F6256B08B /* VPNClientDetector.swift */ = {isa = PBXFileReference; lastKnownFileType = sourcecode.swift; path = VPNClientDetector.swift; sourceTree = "<group>"; };
		8D1508C454653E7B72F67187 /* GlobalProtectDetector.swift */ = {isa = PBXFileReference; lastKnownFileType = sourcecode.swift; path = GlobalProtectDetector.swift; sourceTree = "<group>"; };
		A14871F16421416270D6B4AC /* Info.plist */ = {isa = PBXFileReference; lastKnownFileType = text.plist; path = Info.plist; sourceTree = "<group>"; };
		A1C5E62E09FCF57B20ADCC7A /* SparkleUpdater.swift */ = {isa = PBXFileReference; lastKnownFileType = sourcecode.swift; path = SparkleUpdater.swift; sourceTree = "<group>"; };
		A717F0F3C17400F70569F917 /* LogViewerView.swift */ = {isa = PBXFileReference; lastKnownFileType = sourcecode.swift; path = LogViewerView.swift; sourceTree = "<group>"; };
		A78CE8F83C00990E086F1CC6 /* Assets.xcassets */ = {isa = PBXFileReference; lastKnownFileType = folder.assetcatalog; path = Assets.xcassets; sourceTree = "<group>"; };
		AD4D55B61E6326A6B60ED217 /* ScriptRunner.swift */ = {isa = PBXFileReference; lastKnownFileType = sourcecode.swift; path = ScriptRunner.swift; sourceTree = "<group>"; };
		B3DF386CA20735AB10DBE6C5 /* FileWatcher.swift */ = {isa = PBXFileReference; lastKnownFileType = sourcecode.swift; path = FileWatcher.swift; sourceTree = "<group>"; };
		B768E31A635D4D21765C6CF0 /* HelperTool.swift */ = {isa = PBXFileReference; lastKnownFileType = sourcecode.swift; path = HelperTool.swift; sourceTree = "<group>"; };
		B9AAABD751F98D01FC5645B7 /* NotificationService.swift */ = {isa = PBXFileReference; lastKnownFileType = sourcecode.swift; path = NotificationService.swift; sourceTree = "<group>"; };
		BA9CDAF8FE751D87358331FA /* PulseSecureDetector.swift */ = {isa = PBXFileReference; lastKnownFileType = sourcecode.swift; path = PulseSecureDetector.swift; sourceTree = "<group>"; };
		BE5CE7AB193CEB7CACBBCEAB /* ZscalerDetector.swift */ = {isa = PBXFileReference; lastKnownFileType = sourcecode.swift; path = ZscalerDetector.swift; sourceTree = "<group>"; };
		C0684A32403AEFB78D23C342 /* VPNClientSection.swift */ = {isa = PBXFileReference; lastKnownFileType = sourcecode.swift; path = VPNClientSection.swift; sourceTree = "<group>"; };
		C3B68BD110B2C9B0971F79E8 /* BottomToolbar.swift */ = {isa = PBXFileReference; lastKnownFileType = sourcecode.swift; path = BottomToolbar.swift; sourceTree = "<group>"; };
		C44985F3FF697373C9336F3E /* VPNIssue.swift */ = {isa = PBXFileReference; lastKnownFileType = sourcecode.swift; path = VPNIssue.swift; sourceTree = "<group>"; };
		C899B1C8D279572C5A4E8AC3 /* VPNClientType.swift */ = {isa = PBXFileReference; lastKnownFileType = sourcecode.swift; path = VPNClientType.swift; sourceTree = "<group>"; };
		C995B943E0BD9FA2EADBFDB1 /* AppLogger.swift */ = {isa = PBXFileReference; lastKnownFileType = sourcecode.swift; path = AppLogger.swift; sourceTree = "<group>"; };
		CA1EF58EF6F7C323D1349BA4 /* WireGuardDetector.swift */ = {isa = PBXFileReference; lastKnownFileType = sourcecode.swift; path = WireGuardDetector.swift; sourceTree = "<group>"; };
		CA990641A7183FF4908F6977 /* MullvadDetector.swift */ = {isa = PBXFileReference; lastKnownFileType = sourcecode.swift; path = MullvadDetector.swift; sourceTree = "<group>"; };
		CCCAE37E43CFE8393BBE3075 /* VPNFixHelper */ = {isa = PBXFileReference; includeInIndex = 0; path = VPNFixHelper; sourceTree = BUILT_PRODUCTS_DIR; };
		D9278C59D23E091A5956B32A /* FortiClientDetector.swift */ = {isa = PBXFileReference; lastKnownFileType = sourcecode.swift; path = FortiClientDetector.swift; sourceTree = "<group>"; };
		DDD9D40274C35D39D872C60C /* LogViewModel.swift */ = {isa = PBXFileReference; lastKnownFileType = sourcecode.swift; path = LogViewModel.swift; sourceTree = "<group>"; };
		DDF8849C36D246B2D5EB978A /* ExpressVPNDetector.swift */ = {isa = PBXFileReference; lastKnownFileType = sourcecode.swift; path = ExpressVPNDetector.swift; sourceTree = "<group>"; };
		DFC775D2271471F4D5DAB1D1 /* DetectionUtilities.swift */ = {isa = PBXFileReference; lastKnownFileType = sourcecode.swift; path = DetectionUtilities.swift; sourceTree = "<group>"; };
		E67DFC201D77B05E558D53E7 /* AppIcon.icns */ = {isa = PBXFileReference; lastKnownFileType = image.icns; path = AppIcon.icns; sourceTree = "<group>"; };
		E8D96D665B4B86AEDABCA139 /* AnyConnectFixModule.swift */ = {isa = PBXFileReference; lastKnownFileType = sourcecode.swift; path = AnyConnectFixModule.swift; sourceTree = "<group>"; };
		E9934B23DCBE8A220A6109BC /* NordVPNDetector.swift */ = {isa = PBXFileReference; lastKnownFileType = sourcecode.swift; path = NordVPNDetector.swift; sourceTree = "<group>"; };
		F51504D67741832F47E387A2 /* MenuBarView.swift */ = {isa = PBXFileReference; lastKnownFileType = sourcecode.swift; path = MenuBarView.swift; sourceTree = "<group>"; };
		F57DA9BF2B84DC9B2AEF3A5D /* PIADetector.swift */ = {isa = PBXFileReference; lastKnownFileType = sourcecode.swift; path = PIADetector.swift; sourceTree = "<group>"; };
		FB3192FAB7EEE4AE8C8E1A38 /* XPCClient.swift */ = {isa = PBXFileReference; lastKnownFileType = sourcecode.swift; path = XPCClient.swift; sourceTree = "<group>"; };
/* End PBXFileReference section */

/* Begin PBXGroup section */
		32D36117C218C0F15AB62EB5 /* ViewModels */ = {
			isa = PBXGroup;
			children = (
				7BB39128402B91CA2DFBFE02 /* DashboardViewModel.swift */,
				DDD9D40274C35D39D872C60C /* LogViewModel.swift */,
				17A74F7200163893BB9E160E /* VPNStatusViewModel.swift */,
			);
			path = ViewModels;
			sourceTree = "<group>";
		};
		4C9322ABEDB69554B92427BD = {
			isa = PBXGroup;
			children = (
				B395003947581C351B5BCFFD /* Shared */,
				820329A43B1228D9A23F15DB /* VPNFix */,
				BA236A2281C1177A38432C44 /* VPNFixHelper */,
				FD8D3CAF1EAE8E3C23965530 /* Products */,
			);
			sourceTree = "<group>";
		};
		64817A63F38000B76EC8C500 /* FixModules */ = {
			isa = PBXGroup;
			children = (
				E8D96D665B4B86AEDABCA139 /* AnyConnectFixModule.swift */,
				34C1BBDE56A9ADD1B6868F62 /* CommonFixModule.swift */,
				2EE4F12D1D0AD627F1ACC79C /* FixEngine.swift */,
				018A5A9CF1BC9A2B44A714A4 /* FortiClientFixModule.swift */,
				504672A9127A427C4B0DD143 /* GlobalProtectFixModule.swift */,
				1EFCA5F1042A8F3DDB4D86FD /* KillSwitchFixModule.swift */,
				36698FF61207B7C60ED34225 /* OpenVPNFixModule.swift */,
				15337E38064C9D43A8C21BA6 /* ProxyFixModule.swift */,
				104C739A0F29600A56223BB2 /* VPNFixModule.swift */,
				4171E9A412F07CEE911F0D78 /* WireGuardFixModule.swift */,
			);
			path = FixModules;
			sourceTree = "<group>";
		};
		69C55C18432616E0E452CD6C /* Resources */ = {
			isa = PBXGroup;
			children = (
				E67DFC201D77B05E558D53E7 /* AppIcon.icns */,
				A78CE8F83C00990E086F1CC6 /* Assets.xcassets */,
			);
			path = Resources;
			sourceTree = "<group>";
		};
		820329A43B1228D9A23F15DB /* VPNFix */ = {
			isa = PBXGroup;
			children = (
				A14871F16421416270D6B4AC /* Info.plist */,
				8A7BD152FF47732F902E5DC3 /* VPNFixApp.swift */,
				D66BF3FAD19A4C45ECB9A0FF /* Models */,
				69C55C18432616E0E452CD6C /* Resources */,
				B6C3D2CCA7B684D4F83163BB /* Services */,
				32D36117C218C0F15AB62EB5 /* ViewModels */,
				AFE95C22643056BE3B387910 /* Views */,
			);
			path = VPNFix;
			sourceTree = "<group>";
		};
		A1A1B552697DB8306DC5F8CA /* Detectors */ = {
			isa = PBXGroup;
			children = (
				1843B2232AA9463581B6CE95 /* CiscoAnyConnectDetector.swift */,
				25107754A27BAA4505FF8D57 /* CyberGhostDetector.swift */,
				DFC775D2271471F4D5DAB1D1 /* DetectionUtilities.swift */,
				DDF8849C36D246B2D5EB978A /* ExpressVPNDetector.swift */,
				D9278C59D23E091A5956B32A /* FortiClientDetector.swift */,
				8D1508C454653E7B72F67187 /* GlobalProtectDetector.swift */,
				4A08A71F62C79D53C4F9E9FB /* IPVanishDetector.swift */,
				CA990641A7183FF4908F6977 /* MullvadDetector.swift */,
				E9934B23DCBE8A220A6109BC /* NordVPNDetector.swift */,
				5E4F90768A85074775D2D61B /* OpenVPNDetector.swift */,
				F57DA9BF2B84DC9B2AEF3A5D /* PIADetector.swift */,
				63DAAE0328A303D9D9042C8B /* ProtonVPNDetector.swift */,
				BA9CDAF8FE751D87358331FA /* PulseSecureDetector.swift */,
				5FF6C387E5D9C00C449925F8 /* SurfsharkDetector.swift */,
				5B6750B7C913C196C2320DA7 /* TunnelBearDetector.swift */,
				8D0874FE30DD9E3F6256B08B /* VPNClientDetector.swift */,
				0ACB2D4C670FBEFB4DFA4895 /* WindscribeDetector.swift */,
				CA1EF58EF6F7C323D1349BA4 /* WireGuardDetector.swift */,
				BE5CE7AB193CEB7CACBBCEAB /* ZscalerDetector.swift */,
			);
			path = Detectors;
			sourceTree = "<group>";
		};
		AFE95C22643056BE3B387910 /* Views */ = {
			isa = PBXGroup;
			children = (
				A717F0F3C17400F70569F917 /* LogViewerView.swift */,
				F51504D67741832F47E387A2 /* MenuBarView.swift */,
				4486FDA0005226664008BCD7 /* PreferencesView.swift */,
				D4D3B9C0E28F797DE6276047 /* Dashboard */,
			);
			path = Views;
			sourceTree = "<group>";
		};
		B395003947581C351B5BCFFD /* Shared */ = {
			isa = PBXGroup;
			children = (
				8A5E3547A27CAF9A41AAD8DA /* AggregateVPNState.swift */,
				61A531CB9DA1B66CABEF5558 /* NetworkDiagnostics.swift */,
				3DC5CF805CC0F78F10CE60DF /* VPNClientStatus.swift */,
				C899B1C8D279572C5A4E8AC3 /* VPNClientType.swift */,
				C44985F3FF697373C9336F3E /* VPNIssue.swift */,
				0C77DE7EC7D3B914C63981B5 /* VPNState.swift */,
				361B53499F2D30BE9C99F0B8 /* XPCProtocol.swift */,
			);
			path = Shared;
			sourceTree = "<group>";
		};
		B6C3D2CCA7B684D4F83163BB /* Services */ = {
			isa = PBXGroup;
			children = (
				C995B943E0BD9FA2EADBFDB1 /* AppLogger.swift */,
				76F5D95A2F46ADAC4264E636 /* HelperInstaller.swift */,
				B9AAABD751F98D01FC5645B7 /* NotificationService.swift */,
				A1C5E62E09FCF57B20ADCC7A /* SparkleUpdater.swift */,
				FB3192FAB7EEE4AE8C8E1A38 /* XPCClient.swift */,
			);
			path = Services;
			sourceTree = "<group>";
		};
		BA236A2281C1177A38432C44 /* VPNFixHelper */ = {
			isa = PBXGroup;
			children = (
				B3DF386CA20735AB10DBE6C5 /* FileWatcher.swift */,
				B768E31A635D4D21765C6CF0 /* HelperTool.swift */,
				0B6BE64B24A58B20B565B767 /* Logger.swift */,
				7E2B1F35CE34DA487557B47E /* main.swift */,
				AD4D55B61E6326A6B60ED217 /* ScriptRunner.swift */,
				0EFBCD075AED23F6412C8F7A /* VPNDetector.swift */,
				A1A1B552697DB8306DC5F8CA /* Detectors */,
				64817A63F38000B76EC8C500 /* FixModules */,
			);
			path = VPNFixHelper;
			sourceTree = "<group>";
		};
		D4D3B9C0E28F797DE6276047 /* Dashboard */ = {
			isa = PBXGroup;
			children = (
				C3B68BD110B2C9B0971F79E8 /* BottomToolbar.swift */,
				6C23CE99F9ABC31781254CC9 /* DashboardView.swift */,
				642EF027145ACA6D0B47F14A /* DiagnosticRow.swift */,
				508EE859AB35F5DF12B14ED1 /* NetworkDiagnosticsSection.swift */,
				07AB0D659D365F7F38F0C3EF /* NetworkStatusBanner.swift */,
				25DAA4AD0D7AE7C567FD0E7E /* VPNClientCard.swift */,
				C0684A32403AEFB78D23C342 /* VPNClientSection.swift */,
			);
			path = Dashboard;
			sourceTree = "<group>";
		};
		D66BF3FAD19A4C45ECB9A0FF /* Models */ = {
			isa = PBXGroup;
			children = (
				7C414DDEE6350F3E53B3C453 /* AppPreferences.swift */,
			);
			path = Models;
			sourceTree = "<group>";
		};
		FD8D3CAF1EAE8E3C23965530 /* Products */ = {
			isa = PBXGroup;
			children = (
				7DA81DA0156F699B3115B039 /* VPNFix.app */,
				CCCAE37E43CFE8393BBE3075 /* VPNFixHelper */,
			);
			name = Products;
			sourceTree = "<group>";
		};
/* End PBXGroup section */

/* Begin PBXNativeTarget section */
		6C1657DB196C9270D357F6E6 /* VPNFixHelper */ = {
			isa = PBXNativeTarget;
			buildConfigurationList = 82A795C51AF4CE37076768AF /* Build configuration list for PBXNativeTarget "VPNFixHelper" */;
			buildPhases = (
				6CA41BBBB8B44ABF0E321274 /* Sources */,
			);
			buildRules = (
			);
			dependencies = (
			);
			name = VPNFixHelper;
			packageProductDependencies = (
			);
			productName = VPNFixHelper;
			productReference = CCCAE37E43CFE8393BBE3075 /* VPNFixHelper */;
			productType = "com.apple.product-type.tool";
		};
		B63F79040F7BF55EDFF06DAB /* VPNFix */ = {
			isa = PBXNativeTarget;
			buildConfigurationList = 23EEFA561969FA2B42D4857A /* Build configuration list for PBXNativeTarget "VPNFix" */;
			buildPhases = (
				852210A7D0F2422D3E077FF9 /* Copy Scripts & Resources */,
				2ED56CFEC31376CC844B2F32 /* Sources */,
				541098438E4EDD2E2B1362C5 /* Resources */,
				533D0BAE7FA7C5F48DC807D5 /* Embed Dependencies */,
			);
			buildRules = (
			);
			dependencies = (
				AD8C8E93C1C0D3325C068CD6 /* PBXTargetDependency */,
			);
			name = VPNFix;
			packageProductDependencies = (
			);
			productName = VPNFix;
			productReference = 7DA81DA0156F699B3115B039 /* VPNFix.app */;
			productType = "com.apple.product-type.application";
		};
/* End PBXNativeTarget section */

/* Begin PBXProject section */
		E4815F409CCB73F3A99FA9D9 /* Project object */ = {
			isa = PBXProject;
			attributes = {
				BuildIndependentTargetsInParallel = YES;
				LastUpgradeCheck = 1500;
				TargetAttributes = {
					6C1657DB196C9270D357F6E6 = {
						ProvisioningStyle = Manual;
					};
					B63F79040F7BF55EDFF06DAB = {
						ProvisioningStyle = Manual;
					};
				};
			};
			buildConfigurationList = FAD44A1E73A93E288F77EA95 /* Build configuration list for PBXProject "VPNFix" */;
			developmentRegion = en;
			hasScannedForEncodings = 0;
			knownRegions = (
				Base,
				en,
			);
			mainGroup = 4C9322ABEDB69554B92427BD;
			minimizedProjectReferenceProxies = 1;
			packageReferences = (
				7EF1395BFE9176952319AD21 /* XCRemoteSwiftPackageReference "Sparkle" */,
			);
			preferredProjectObjectVersion = 77;
			productRefGroup = FD8D3CAF1EAE8E3C23965530 /* Products */;
			projectDirPath = "";
			projectRoot = "";
			targets = (
				B63F79040F7BF55EDFF06DAB /* VPNFix */,
				6C1657DB196C9270D357F6E6 /* VPNFixHelper */,
			);
		};
/* End PBXProject section */

/* Begin PBXResourcesBuildPhase section */
		541098438E4EDD2E2B1362C5 /* Resources */ = {
			isa = PBXResourcesBuildPhase;
			buildActionMask = 2147483647;
			files = (
				41D5510BCE306810E43BFF65 /* AppIcon.icns in Resources */,
				4554C27C11B04B3FC3996F0B /* Assets.xcassets in Resources */,
			);
			runOnlyForDeploymentPostprocessing = 0;
		};
/* End PBXResourcesBuildPhase section */

/* Begin PBXShellScriptBuildPhase section */
		852210A7D0F2422D3E077FF9 /* Copy Scripts & Resources */ = {
			isa = PBXShellScriptBuildPhase;
			buildActionMask = 2147483647;
			files = (
			);
			inputFileListPaths = (
			);
			inputPaths = (
			);
			name = "Copy Scripts & Resources";
			outputFileListPaths = (
			);
			outputPaths = (
			);
			runOnlyForDeploymentPostprocessing = 0;
			shellPath = /bin/sh;
			shellScript = "# Create LaunchDaemons directory in app bundle\nmkdir -p \"${BUILT_PRODUCTS_DIR}/${CONTENTS_FOLDER_PATH}/Library/LaunchDaemons\"\n# Copy launchd plist\ncp \"${SRCROOT}/VPNFixHelper/launchd.plist\" \"${BUILT_PRODUCTS_DIR}/${CONTENTS_FOLDER_PATH}/Library/LaunchDaemons/com.miguel50flowers.VPNFix.helper.plist\"\n# Copy shell scripts to Resources\ncp \"${SRCROOT}/../scripts/fix-vpn-disconnect.sh\" \"${BUILT_PRODUCTS_DIR}/${UNLOCALIZED_RESOURCES_FOLDER_PATH}/\"\ncp \"${SRCROOT}/../scripts/vpn-monitor.sh\" \"${BUILT_PRODUCTS_DIR}/${UNLOCALIZED_RESOURCES_FOLDER_PATH}/\"\ncp \"${SRCROOT}/../VERSION\" \"${BUILT_PRODUCTS_DIR}/${UNLOCALIZED_RESOURCES_FOLDER_PATH}/\"\n# Replace __VERSION__ placeholder\nVERSION=$(cat \"${SRCROOT}/../VERSION\")\nsed -i '' \"s/__VERSION__/${VERSION}/g\" \"${BUILT_PRODUCTS_DIR}/${UNLOCALIZED_RESOURCES_FOLDER_PATH}/fix-vpn-disconnect.sh\"\nsed -i '' \"s/__VERSION__/${VERSION}/g\" \"${BUILT_PRODUCTS_DIR}/${UNLOCALIZED_RESOURCES_FOLDER_PATH}/vpn-monitor.sh\"\nchmod +x \"${BUILT_PRODUCTS_DIR}/${UNLOCALIZED_RESOURCES_FOLDER_PATH}/fix-vpn-disconnect.sh\"\nchmod +x \"${BUILT_PRODUCTS_DIR}/${UNLOCALIZED_RESOURCES_FOLDER_PATH}/vpn-monitor.sh\"\n";
		};
/* End PBXShellScriptBuildPhase section */

/* Begin PBXSourcesBuildPhase section */
		2ED56CFEC31376CC844B2F32 /* Sources */ = {
			isa = PBXSourcesBuildPhase;
			buildActionMask = 2147483647;
			files = (
				0FDDB0DD42B9B7829C9AD681 /* AggregateVPNState.swift in Sources */,
				FE4DFD170087ADD66AF3E648 /* AppLogger.swift in Sources */,
				DF058DFF278C16D217941D6F /* AppPreferences.swift in Sources */,
				0A1F175FE75329E424F1013B /* BottomToolbar.swift in Sources */,
				7A5BEB5109AA5085A65FE6DA /* DashboardView.swift in Sources */,
				0F4EFF501406C517B9BB48F7 /* DashboardViewModel.swift in Sources */,
				DE30E19A2E8E0B6238C15119 /* DiagnosticRow.swift in Sources */,
				BEFBC41988D06E7A44EBB581 /* HelperInstaller.swift in Sources */,
				882A990049193E7528882CDE /* LogViewModel.swift in Sources */,
				D46895BD95A57DAECCD5EA4F /* LogViewerView.swift in Sources */,
				8589F06165D668AE384F88FA /* MenuBarView.swift in Sources */,
				91D182EF91D534948CA51104 /* NetworkDiagnostics.swift in Sources */,
				A278BB35B3F63CA871C06D62 /* NetworkDiagnosticsSection.swift in Sources */,
				BF78E01DF1A1B6E9670DCCFA /* NetworkStatusBanner.swift in Sources */,
				A1DD8CB0B5B977DDB59C0FAC /* NotificationService.swift in Sources */,
				A4492A8C49C578E2133D5D2C /* PreferencesView.swift in Sources */,
				1ECB06DACC392EA2AD36107A /* SparkleUpdater.swift in Sources */,
				C0425E8A77B01841B7384AAE /* VPNClientCard.swift in Sources */,
				6995AAF93065AC692EB886A2 /* VPNClientSection.swift in Sources */,
				A08E611A20C0AABF4371F5F5 /* VPNClientStatus.swift in Sources */,
				89194A5DF0721CC75DA590F5 /* VPNClientType.swift in Sources */,
				D4886733DC05A2CDE41E01B5 /* VPNFixApp.swift in Sources */,
				CCB296BEAC5AB4F3ABB29413 /* VPNIssue.swift in Sources */,
				E5D018E1E99DE0B0EE646E92 /* VPNState.swift in Sources */,
				C777DC3AA7CE6385E22E28E9 /* VPNStatusViewModel.swift in Sources */,
				DF6BB8FEB0CA032E5292B75F /* XPCClient.swift in Sources */,
				8F621A8EE1CA3174B8C6EA1A /* XPCProtocol.swift in Sources */,
			);
			runOnlyForDeploymentPostprocessing = 0;
		};
		6CA41BBBB8B44ABF0E321274 /* Sources */ = {
			isa = PBXSourcesBuildPhase;
			buildActionMask = 2147483647;
			files = (
				5CFB81D74180270C8F9F9E45 /* AggregateVPNState.swift in Sources */,
				9A2E86D54124B9C29038312B /* AnyConnectFixModule.swift in Sources */,
				B46720CE7DFEA7A5220B77ED /* CiscoAnyConnectDetector.swift in Sources */,
				3E2BFD14BAF892DDC84F2066 /* CommonFixModule.swift in Sources */,
				BC32342D193967A71152A576 /* CyberGhostDetector.swift in Sources */,
				1E25761686BB901478194128 /* DetectionUtilities.swift in Sources */,
				CC6C6453471731C1D9D60232 /* ExpressVPNDetector.swift in Sources */,
				DC26DBC871ADE92A4D9B4A34 /* FileWatcher.swift in Sources */,
				2517352C56A83D3A5BCB0C34 /* FixEngine.swift in Sources */,
				068295E661962B2AF167BA9A /* FortiClientDetector.swift in Sources */,
				50A984B2DDD07AC64FEF384A /* FortiClientFixModule.swift in Sources */,
				4F24268CD4D02653C4F9C5BD /* GlobalProtectDetector.swift in Sources */,
				C8E7C93E46B5FB03B53E1A68 /* GlobalProtectFixModule.swift in Sources */,
				3302189686A84EF2AC2F10D9 /* HelperTool.swift in Sources */,
				478A9E4599F5C3F040419A1C /* IPVanishDetector.swift in Sources */,
				18093A501A646C4F7062D3CB /* KillSwitchFixModule.swift in Sources */,
				730C2FBDBDCBDDA194F45E3B /* Logger.swift in Sources */,
				9D952C0D08FBF3055E050A53 /* MullvadDetector.swift in Sources */,
				14C73DAD0987A0DE717B6EE7 /* NetworkDiagnostics.swift in Sources */,
				3ADB94D069BC22100697208F /* NordVPNDetector.swift in Sources */,
				3D6D8A63D49F5DA01B4682D2 /* OpenVPNDetector.swift in Sources */,
				DA366ED942ED983D9302F554 /* OpenVPNFixModule.swift in Sources */,
				0F59F89654C4F97C665EBBFD /* PIADetector.swift in Sources */,
				11C1C55952E7E87556C0DD26 /* ProtonVPNDetector.swift in Sources */,
				762D4F92397E1FB4ACDE7478 /* ProxyFixModule.swift in Sources */,
				BFDA7EA6EEE2D18A9F1CC9FD /* PulseSecureDetector.swift in Sources */,
				264F9F3C198B1E76C86F984F /* ScriptRunner.swift in Sources */,
				FB377D2652D2ECA29BD14178 /* SurfsharkDetector.swift in Sources */,
				3A377C22F4E8AF59CFAC8BD6 /* TunnelBearDetector.swift in Sources */,
				B513D6683AC6FD1EEC2BE95E /* VPNClientDetector.swift in Sources */,
				8D6DD099ED45724601F01F43 /* VPNClientStatus.swift in Sources */,
				9C5B3687EBF8A6A4E305590E /* VPNClientType.swift in Sources */,
				12E8D095107C11DB8F920261 /* VPNDetector.swift in Sources */,
				BFE33F129229B4617199FF8C /* VPNFixModule.swift in Sources */,
				ED0F1CA53235BDDB3692BA01 /* VPNIssue.swift in Sources */,
				67660D9C2311EDD9511AABA4 /* VPNState.swift in Sources */,
				231EE6D34FF0968DB4014957 /* WindscribeDetector.swift in Sources */,
				4DF968CF4572E67DB6CD210B /* WireGuardDetector.swift in Sources */,
				86EAE2A7E92970A707D60E12 /* WireGuardFixModule.swift in Sources */,
				30106E58905BABEC8C6EA248 /* XPCProtocol.swift in Sources */,
				1990A6206A3EA25B3904D201 /* ZscalerDetector.swift in Sources */,
				5C90B3506B8B032D55729F51 /* main.swift in Sources */,
			);
			runOnlyForDeploymentPostprocessing = 0;
		};
/* End PBXSourcesBuildPhase section */

/* Begin PBXTargetDependency section */
		AD8C8E93C1C0D3325C068CD6 /* PBXTargetDependency */ = {
			isa = PBXTargetDependency;
			target = 6C1657DB196C9270D357F6E6 /* VPNFixHelper */;
			targetProxy = 602C1B63739EA02B2F2210D1 /* PBXContainerItemProxy */;
		};
/* End PBXTargetDependency section */

/* Begin XCBuildConfiguration section */
		4C52CCEC83729F9B0745C625 /* Release */ = {
			isa = XCBuildConfiguration;
			buildSettings = {
				CODE_SIGN_ENTITLEMENTS = VPNFixHelper/VPNFixHelper.entitlements;
				COMBINE_HIDPI_IMAGES = YES;
				INFOPLIST_FILE = VPNFixHelper/Info.plist;
				LD_RUNPATH_SEARCH_PATHS = (
					"$(inherited)",
					"@executable_path/../Frameworks",
				);
				PRODUCT_BUNDLE_IDENTIFIER = com.miguel50flowers.VPNFix.helper;
				PRODUCT_NAME = VPNFixHelper;
				SDKROOT = macosx;
				SKIP_INSTALL = YES;
			};
			name = Release;
		};
		54766F476AF5AFB02A6668FC /* Debug */ = {
			isa = XCBuildConfiguration;
			buildSettings = {
				CODE_SIGN_ENTITLEMENTS = VPNFixHelper/VPNFixHelper.entitlements;
				COMBINE_HIDPI_IMAGES = YES;
				INFOPLIST_FILE = VPNFixHelper/Info.plist;
				LD_RUNPATH_SEARCH_PATHS = (
					"$(inherited)",
					"@executable_path/../Frameworks",
				);
				PRODUCT_BUNDLE_IDENTIFIER = com.miguel50flowers.VPNFix.helper;
				PRODUCT_NAME = VPNFixHelper;
				SDKROOT = macosx;
				SKIP_INSTALL = YES;
			};
			name = Debug;
		};
		916A084489945471BC3CE126 /* Debug */ = {
			isa = XCBuildConfiguration;
			buildSettings = {
				ALWAYS_SEARCH_USER_PATHS = NO;
				CLANG_ANALYZER_NONNULL = YES;
				CLANG_ANALYZER_NUMBER_OBJECT_CONVERSION = YES_AGGRESSIVE;
				CLANG_CXX_LANGUAGE_STANDARD = "gnu++14";
				CLANG_CXX_LIBRARY = "libc++";
				CLANG_ENABLE_MODULES = YES;
				CLANG_ENABLE_OBJC_ARC = YES;
				CLANG_ENABLE_OBJC_WEAK = YES;
				CLANG_WARN_BLOCK_CAPTURE_AUTORELEASING = YES;
				CLANG_WARN_BOOL_CONVERSION = YES;
				CLANG_WARN_COMMA = YES;
				CLANG_WARN_CONSTANT_CONVERSION = YES;
				CLANG_WARN_DEPRECATED_OBJC_IMPLEMENTATIONS = YES;
				CLANG_WARN_DIRECT_OBJC_ISA_USAGE = YES_ERROR;
				CLANG_WARN_DOCUMENTATION_COMMENTS = YES;
				CLANG_WARN_EMPTY_BODY = YES;
				CLANG_WARN_ENUM_CONVERSION = YES;
				CLANG_WARN_INFINITE_RECURSION = YES;
				CLANG_WARN_INT_CONVERSION = YES;
				CLANG_WARN_NON_LITERAL_NULL_CONVERSION = YES;
				CLANG_WARN_OBJC_IMPLICIT_RETAIN_SELF = YES;
				CLANG_WARN_OBJC_LITERAL_CONVERSION = YES;
				CLANG_WARN_OBJC_ROOT_CLASS = YES_ERROR;
				CLANG_WARN_QUOTED_INCLUDE_IN_FRAMEWORK_HEADER = YES;
				CLANG_WARN_RANGE_LOOP_ANALYSIS = YES;
				CLANG_WARN_STRICT_PROTOTYPES = YES;
				CLANG_WARN_SUSPICIOUS_MOVE = YES;
				CLANG_WARN_UNGUARDED_AVAILABILITY = YES_AGGRESSIVE;
				CLANG_WARN_UNREACHABLE_CODE = YES;
				CLANG_WARN__DUPLICATE_METHOD_MATCH = YES;
				CODE_SIGN_IDENTITY = "-";
				CODE_SIGN_STYLE = Manual;
				COPY_PHASE_STRIP = NO;
				DEBUG_INFORMATION_FORMAT = dwarf;
				ENABLE_STRICT_OBJC_MSGSEND = YES;
				ENABLE_TESTABILITY = YES;
				GCC_C_LANGUAGE_STANDARD = gnu11;
				GCC_DYNAMIC_NO_PIC = NO;
				GCC_NO_COMMON_BLOCKS = YES;
				GCC_OPTIMIZATION_LEVEL = 0;
				GCC_PREPROCESSOR_DEFINITIONS = (
					"$(inherited)",
					"DEBUG=1",
				);
				GCC_WARN_64_TO_32_BIT_CONVERSION = YES;
				GCC_WARN_ABOUT_RETURN_TYPE = YES_ERROR;
				GCC_WARN_UNDECLARED_SELECTOR = YES;
				GCC_WARN_UNINITIALIZED_AUTOS = YES_AGGRESSIVE;
				GCC_WARN_UNUSED_FUNCTION = YES;
				GCC_WARN_UNUSED_VARIABLE = YES;
				MACOSX_DEPLOYMENT_TARGET = 13.0;
				MTL_ENABLE_DEBUG_INFO = INCLUDE_SOURCE;
				MTL_FAST_MATH = YES;
				ONLY_ACTIVE_ARCH = YES;
				PRODUCT_NAME = "$(TARGET_NAME)";
				SDKROOT = macosx;
				SWIFT_ACTIVE_COMPILATION_CONDITIONS = DEBUG;
				SWIFT_OPTIMIZATION_LEVEL = "-Onone";
				SWIFT_VERSION = 5.9;
			};
			name = Debug;
		};
		9E762C286BF38F2FE576DA80 /* Release */ = {
			isa = XCBuildConfiguration;
			buildSettings = {
				ARCHS = "$(ARCHS_STANDARD)";
				ASSETCATALOG_COMPILER_APPICON_NAME = AppIcon;
				CODE_SIGN_ENTITLEMENTS = VPNFix/VPNFix.entitlements;
				COMBINE_HIDPI_IMAGES = YES;
				INFOPLIST_FILE = VPNFix/Info.plist;
				LD_RUNPATH_SEARCH_PATHS = "$(inherited) @executable_path/../Frameworks";
				PRODUCT_BUNDLE_IDENTIFIER = com.miguel50flowers.VPNFix;
				PRODUCT_NAME = "VPN Fix";
				SDKROOT = macosx;
			};
			name = Release;
		};
		C274031FB1B5FDBDB3DB9DA1 /* Debug */ = {
			isa = XCBuildConfiguration;
			buildSettings = {
				ARCHS = "$(ARCHS_STANDARD)";
				ASSETCATALOG_COMPILER_APPICON_NAME = AppIcon;
				CODE_SIGN_ENTITLEMENTS = VPNFix/VPNFix.entitlements;
				COMBINE_HIDPI_IMAGES = YES;
				INFOPLIST_FILE = VPNFix/Info.plist;
				LD_RUNPATH_SEARCH_PATHS = "$(inherited) @executable_path/../Frameworks";
				PRODUCT_BUNDLE_IDENTIFIER = com.miguel50flowers.VPNFix;
				PRODUCT_NAME = "VPN Fix";
				SDKROOT = macosx;
			};
			name = Debug;
		};
		FDC6B7350CA7FD1E898A1B39 /* Release */ = {
			isa = XCBuildConfiguration;
			buildSettings = {
				ALWAYS_SEARCH_USER_PATHS = NO;
				CLANG_ANALYZER_NONNULL = YES;
				CLANG_ANALYZER_NUMBER_OBJECT_CONVERSION = YES_AGGRESSIVE;
				CLANG_CXX_LANGUAGE_STANDARD = "gnu++14";
				CLANG_CXX_LIBRARY = "libc++";
				CLANG_ENABLE_MODULES = YES;
				CLANG_ENABLE_OBJC_ARC = YES;
				CLANG_ENABLE_OBJC_WEAK = YES;
				CLANG_WARN_BLOCK_CAPTURE_AUTORELEASING = YES;
				CLANG_WARN_BOOL_CONVERSION = YES;
				CLANG_WARN_COMMA = YES;
				CLANG_WARN_CONSTANT_CONVERSION = YES;
				CLANG_WARN_DEPRECATED_OBJC_IMPLEMENTATIONS = YES;
				CLANG_WARN_DIRECT_OBJC_ISA_USAGE = YES_ERROR;
				CLANG_WARN_DOCUMENTATION_COMMENTS = YES;
				CLANG_WARN_EMPTY_BODY = YES;
				CLANG_WARN_ENUM_CONVERSION = YES;
				CLANG_WARN_INFINITE_RECURSION = YES;
				CLANG_WARN_INT_CONVERSION = YES;
				CLANG_WARN_NON_LITERAL_NULL_CONVERSION = YES;
				CLANG_WARN_OBJC_IMPLICIT_RETAIN_SELF = YES;
				CLANG_WARN_OBJC_LITERAL_CONVERSION = YES;
				CLANG_WARN_OBJC_ROOT_CLASS = YES_ERROR;
				CLANG_WARN_QUOTED_INCLUDE_IN_FRAMEWORK_HEADER = YES;
				CLANG_WARN_RANGE_LOOP_ANALYSIS = YES;
				CLANG_WARN_STRICT_PROTOTYPES = YES;
				CLANG_WARN_SUSPICIOUS_MOVE = YES;
				CLANG_WARN_UNGUARDED_AVAILABILITY = YES_AGGRESSIVE;
				CLANG_WARN_UNREACHABLE_CODE = YES;
				CLANG_WARN__DUPLICATE_METHOD_MATCH = YES;
				CODE_SIGN_IDENTITY = "-";
				CODE_SIGN_STYLE = Manual;
				COPY_PHASE_STRIP = NO;
				DEBUG_INFORMATION_FORMAT = "dwarf-with-dsym";
				ENABLE_NS_ASSERTIONS = NO;
				ENABLE_STRICT_OBJC_MSGSEND = YES;
				GCC_C_LANGUAGE_STANDARD = gnu11;
				GCC_NO_COMMON_BLOCKS = YES;
				GCC_WARN_64_TO_32_BIT_CONVERSION = YES;
				GCC_WARN_ABOUT_RETURN_TYPE = YES_ERROR;
				GCC_WARN_UNDECLARED_SELECTOR = YES;
				GCC_WARN_UNINITIALIZED_AUTOS = YES_AGGRESSIVE;
				GCC_WARN_UNUSED_FUNCTION = YES;
				GCC_WARN_UNUSED_VARIABLE = YES;
				MACOSX_DEPLOYMENT_TARGET = 13.0;
				MTL_ENABLE_DEBUG_INFO = NO;
				MTL_FAST_MATH = YES;
				PRODUCT_NAME = "$(TARGET_NAME)";
				SDKROOT = macosx;
				SWIFT_COMPILATION_MODE = wholemodule;
				SWIFT_OPTIMIZATION_LEVEL = "-O";
				SWIFT_VERSION = 5.9;
			};
			name = Release;
		};
/* End XCBuildConfiguration section */

/* Begin XCConfigurationList section */
		23EEFA561969FA2B42D4857A /* Build configuration list for PBXNativeTarget "VPNFix" */ = {
			isa = XCConfigurationList;
			buildConfigurations = (
				C274031FB1B5FDBDB3DB9DA1 /* Debug */,
				9E762C286BF38F2FE576DA80 /* Release */,
			);
			defaultConfigurationIsVisible = 0;
			defaultConfigurationName = Debug;
		};
		82A795C51AF4CE37076768AF /* Build configuration list for PBXNativeTarget "VPNFixHelper" */ = {
			isa = XCConfigurationList;
			buildConfigurations = (
				54766F476AF5AFB02A6668FC /* Debug */,
				4C52CCEC83729F9B0745C625 /* Release */,
			);
			defaultConfigurationIsVisible = 0;
			defaultConfigurationName = Debug;
		};
		FAD44A1E73A93E288F77EA95 /* Build configuration list for PBXProject "VPNFix" */ = {
			isa = XCConfigurationList;
			buildConfigurations = (
				916A084489945471BC3CE126 /* Debug */,
				FDC6B7350CA7FD1E898A1B39 /* Release */,
			);
			defaultConfigurationIsVisible = 0;
			defaultConfigurationName = Debug;
		};
/* End XCConfigurationList section */

/* Begin XCRemoteSwiftPackageReference section */
		7EF1395BFE9176952319AD21 /* XCRemoteSwiftPackageReference "Sparkle" */ = {
			isa = XCRemoteSwiftPackageReference;
			repositoryURL = "https://github.com/sparkle-project/Sparkle";
			requirement = {
				kind = upToNextMajorVersion;
				minimumVersion = 2.0.0;
			};
		};
/* End XCRemoteSwiftPackageReference section */
	};
	rootObject = E4815F409CCB73F3A99FA9D9 /* Project object */;
}
